
Microsoft Visual Studio Solution File, Format Version 12.00
# Visual Studio Version 16
VisualStudioVersion = 16.0.31205.134
MinimumVisualStudioVersion = 10.0.40219.1
Project("{FAE04EC0-301F-11D3-BF4B-00C04F79EFBC}") = "App24", "App24\App24.csproj", "{5987D825-1BFB-43C2-8AF1-A9DC1421141E}"
EndProject
Global
	GlobalSection(SolutionConfigurationPlatforms) = preSolution
		Debug|Any CPU = Debug|Any CPU
		Release|Any CPU = Release|Any CPU
	EndGlobalSection
	GlobalSection(ProjectConfigurationPlatforms) = postSolution
		{5987D825-1BFB-43C2-8AF1-A9DC1421141E}.Debug|Any CPU.ActiveCfg = Debug|Any CPU
		{5987D825-1BFB-43C2-8AF1-A9DC1421141E}.Debug|Any CPU.Build.0 = Debug|Any CPU
		{5987D825-1BFB-43C2-8AF1-A9DC1421141E}.Release|Any CPU.ActiveCfg = Release|Any CPU
		{5987D825-1BFB-43C2-8AF1-A9DC1421141E}.Release|Any CPU.Build.0 = Release|Any CPU
	EndGlobalSection
	GlobalSection(SolutionProperties) = preSolution
		HideSolutionNode = FALSE
	EndGlobalSection
	GlobalSection(ExtensibilityGlobals) = postSolution
		SolutionGuid = {805033DA-FDAC-49D8-90EB-878EB99A4BB1}
	EndGlobalSection
EndGlobal
