
Microsoft Visual Studio Solution File, Format Version 12.00
# Visual Studio Version 16
VisualStudioVersion = 16.0.30406.217
MinimumVisualStudioVersion = 10.0.40219.1
Project("{FAE04EC0-301F-11D3-BF4B-00C04F79EFBC}") = "App22", "App22\App22.csproj", "{2CCE508F-85C9-4F9B-B3D1-9D41AFA06600}"
EndProject
Global
	GlobalSection(SolutionConfigurationPlatforms) = preSolution
		Debug|Any CPU = Debug|Any CPU
		Release|Any CPU = Release|Any CPU
	EndGlobalSection
	GlobalSection(ProjectConfigurationPlatforms) = postSolution
		{2CCE508F-85C9-4F9B-B3D1-9D41AFA06600}.Debug|Any CPU.ActiveCfg = Debug|Any CPU
		{2CCE508F-85C9-4F9B-B3D1-9D41AFA06600}.Debug|Any CPU.Build.0 = Debug|Any CPU
		{2CCE508F-85C9-4F9B-B3D1-9D41AFA06600}.Release|Any CPU.ActiveCfg = Release|Any CPU
		{2CCE508F-85C9-4F9B-B3D1-9D41AFA06600}.Release|Any CPU.Build.0 = Release|Any CPU
	EndGlobalSection
	GlobalSection(SolutionProperties) = preSolution
		HideSolutionNode = FALSE
	EndGlobalSection
	GlobalSection(ExtensibilityGlobals) = postSolution
		SolutionGuid = {6B5FC661-3DF3-4590-A9C2-7B74D8EFA0E7}
	EndGlobalSection
EndGlobal
