
Microsoft Visual Studio Solution File, Format Version 12.00
# Visual Studio Version 17
VisualStudioVersion = 17.4.33110.190
MinimumVisualStudioVersion = 10.0.40219.1
Project("{FAE04EC0-301F-11D3-BF4B-00C04F79EFBC}") = "App06", "App06\App06.csproj", "{57A12393-6A8E-4CB8-9485-48968C08A9AB}"
EndProject
Global
	GlobalSection(SolutionConfigurationPlatforms) = preSolution
		Debug|Any CPU = Debug|Any CPU
		Release|Any CPU = Release|Any CPU
	EndGlobalSection
	GlobalSection(ProjectConfigurationPlatforms) = postSolution
		{57A12393-6A8E-4CB8-9485-48968C08A9AB}.Debug|Any CPU.ActiveCfg = Debug|Any CPU
		{57A12393-6A8E-4CB8-9485-48968C08A9AB}.Debug|Any CPU.Build.0 = Debug|Any CPU
		{57A12393-6A8E-4CB8-9485-48968C08A9AB}.Release|Any CPU.ActiveCfg = Release|Any CPU
		{57A12393-6A8E-4CB8-9485-48968C08A9AB}.Release|Any CPU.Build.0 = Release|Any CPU
	EndGlobalSection
	GlobalSection(SolutionProperties) = preSolution
		HideSolutionNode = FALSE
	EndGlobalSection
	GlobalSection(ExtensibilityGlobals) = postSolution
		SolutionGuid = {36A6ED11-BAF1-45DE-B954-0E05C0C4A562}
	EndGlobalSection
EndGlobal
