
Microsoft Visual Studio Solution File, Format Version 12.00
# Visual Studio Version 16
VisualStudioVersion = 16.0.31205.134
MinimumVisualStudioVersion = 10.0.40219.1
Project("{FAE04EC0-301F-11D3-BF4B-00C04F79EFBC}") = "App12", "App12\App12.csproj", "{203A86D8-032D-48BB-96DC-045EA9239A86}"
EndProject
Global
	GlobalSection(SolutionConfigurationPlatforms) = preSolution
		Debug|Any CPU = Debug|Any CPU
		Release|Any CPU = Release|Any CPU
	EndGlobalSection
	GlobalSection(ProjectConfigurationPlatforms) = postSolution
		{203A86D8-032D-48BB-96DC-045EA9239A86}.Debug|Any CPU.ActiveCfg = Debug|Any CPU
		{203A86D8-032D-48BB-96DC-045EA9239A86}.Debug|Any CPU.Build.0 = Debug|Any CPU
		{203A86D8-032D-48BB-96DC-045EA9239A86}.Release|Any CPU.ActiveCfg = Release|Any CPU
		{203A86D8-032D-48BB-96DC-045EA9239A86}.Release|Any CPU.Build.0 = Release|Any CPU
	EndGlobalSection
	GlobalSection(SolutionProperties) = preSolution
		HideSolutionNode = FALSE
	EndGlobalSection
	GlobalSection(ExtensibilityGlobals) = postSolution
		SolutionGuid = {35E61655-8CCD-4B54-893F-72702BDF42F5}
	EndGlobalSection
EndGlobal
