
Microsoft Visual Studio Solution File, Format Version 12.00
# Visual Studio Version 17
VisualStudioVersion = 17.4.33110.190
MinimumVisualStudioVersion = 10.0.40219.1
Project("{FAE04EC0-301F-11D3-BF4B-00C04F79EFBC}") = "App02", "App02\App02.csproj", "{338C001F-D806-41D9-BCC6-224085E5C719}"
EndProject
Global
	GlobalSection(SolutionConfigurationPlatforms) = preSolution
		Debug|Any CPU = Debug|Any CPU
		Release|Any CPU = Release|Any CPU
	EndGlobalSection
	GlobalSection(ProjectConfigurationPlatforms) = postSolution
		{338C001F-D806-41D9-BCC6-224085E5C719}.Debug|Any CPU.ActiveCfg = Debug|Any CPU
		{338C001F-D806-41D9-BCC6-224085E5C719}.Debug|Any CPU.Build.0 = Debug|Any CPU
		{338C001F-D806-41D9-BCC6-224085E5C719}.Release|Any CPU.ActiveCfg = Release|Any CPU
		{338C001F-D806-41D9-BCC6-224085E5C719}.Release|Any CPU.Build.0 = Release|Any CPU
	EndGlobalSection
	GlobalSection(SolutionProperties) = preSolution
		HideSolutionNode = FALSE
	EndGlobalSection
	GlobalSection(ExtensibilityGlobals) = postSolution
		SolutionGuid = {47B3E513-8A9C-4EF6-BDCD-AA9F067B6F9A}
	EndGlobalSection
EndGlobal
