
Microsoft Visual Studio Solution File, Format Version 12.00
# Visual Studio Version 16
VisualStudioVersion = 16.0.31205.134
MinimumVisualStudioVersion = 10.0.40219.1
Project("{FAE04EC0-301F-11D3-BF4B-00C04F79EFBC}") = "App22", "App22\App22.csproj", "{2BBA403B-94CE-4866-887D-BA3DF8F34EBE}"
EndProject
Global
	GlobalSection(SolutionConfigurationPlatforms) = preSolution
		Debug|Any CPU = Debug|Any CPU
		Release|Any CPU = Release|Any CPU
	EndGlobalSection
	GlobalSection(ProjectConfigurationPlatforms) = postSolution
		{2BBA403B-94CE-4866-887D-BA3DF8F34EBE}.Debug|Any CPU.ActiveCfg = Debug|Any CPU
		{2BBA403B-94CE-4866-887D-BA3DF8F34EBE}.Debug|Any CPU.Build.0 = Debug|Any CPU
		{2BBA403B-94CE-4866-887D-BA3DF8F34EBE}.Release|Any CPU.ActiveCfg = Release|Any CPU
		{2BBA403B-94CE-4866-887D-BA3DF8F34EBE}.Release|Any CPU.Build.0 = Release|Any CPU
	EndGlobalSection
	GlobalSection(SolutionProperties) = preSolution
		HideSolutionNode = FALSE
	EndGlobalSection
	GlobalSection(ExtensibilityGlobals) = postSolution
		SolutionGuid = {282316FA-2CAD-4E21-ACFA-A213B2605D84}
	EndGlobalSection
EndGlobal
