
Microsoft Visual Studio Solution File, Format Version 12.00
# Visual Studio Version 16
VisualStudioVersion = 16.0.31205.134
MinimumVisualStudioVersion = 10.0.40219.1
Project("{FAE04EC0-301F-11D3-BF4B-00C04F79EFBC}") = "App4", "App4\App4.csproj", "{0C8A96CC-1EAC-412A-AFC8-EAFA9318DF9B}"
EndProject
Global
	GlobalSection(SolutionConfigurationPlatforms) = preSolution
		Debug|Any CPU = Debug|Any CPU
		Release|Any CPU = Release|Any CPU
	EndGlobalSection
	GlobalSection(ProjectConfigurationPlatforms) = postSolution
		{0C8A96CC-1EAC-412A-AFC8-EAFA9318DF9B}.Debug|Any CPU.ActiveCfg = Debug|Any CPU
		{0C8A96CC-1EAC-412A-AFC8-EAFA9318DF9B}.Debug|Any CPU.Build.0 = Debug|Any CPU
		{0C8A96CC-1EAC-412A-AFC8-EAFA9318DF9B}.Release|Any CPU.ActiveCfg = Release|Any CPU
		{0C8A96CC-1EAC-412A-AFC8-EAFA9318DF9B}.Release|Any CPU.Build.0 = Release|Any CPU
	EndGlobalSection
	GlobalSection(SolutionProperties) = preSolution
		HideSolutionNode = FALSE
	EndGlobalSection
	GlobalSection(ExtensibilityGlobals) = postSolution
		SolutionGuid = {D59C63AA-1C3F-4C37-93D2-F6BE002282D6}
	EndGlobalSection
EndGlobal
