
Microsoft Visual Studio Solution File, Format Version 12.00
# Visual Studio Version 16
VisualStudioVersion = 16.0.31205.134
MinimumVisualStudioVersion = 10.0.40219.1
Project("{FAE04EC0-301F-11D3-BF4B-00C04F79EFBC}") = "App09", "App09\App09.csproj", "{82DF981A-8653-401B-910C-6E28847B2E09}"
EndProject
Global
	GlobalSection(SolutionConfigurationPlatforms) = preSolution
		Debug|Any CPU = Debug|Any CPU
		Release|Any CPU = Release|Any CPU
	EndGlobalSection
	GlobalSection(ProjectConfigurationPlatforms) = postSolution
		{82DF981A-8653-401B-910C-6E28847B2E09}.Debug|Any CPU.ActiveCfg = Debug|Any CPU
		{82DF981A-8653-401B-910C-6E28847B2E09}.Debug|Any CPU.Build.0 = Debug|Any CPU
		{82DF981A-8653-401B-910C-6E28847B2E09}.Release|Any CPU.ActiveCfg = Release|Any CPU
		{82DF981A-8653-401B-910C-6E28847B2E09}.Release|Any CPU.Build.0 = Release|Any CPU
	EndGlobalSection
	GlobalSection(SolutionProperties) = preSolution
		HideSolutionNode = FALSE
	EndGlobalSection
	GlobalSection(ExtensibilityGlobals) = postSolution
		SolutionGuid = {784B30E3-15AC-4D45-A10D-2135C3AA4AC5}
	EndGlobalSection
EndGlobal
