
Microsoft Visual Studio Solution File, Format Version 12.00
# Visual Studio Version 16
VisualStudioVersion = 16.0.31205.134
MinimumVisualStudioVersion = 10.0.40219.1
Project("{FAE04EC0-301F-11D3-BF4B-00C04F79EFBC}") = "App28", "App28\App28.csproj", "{D5935A32-DD2D-4056-A7FB-C97290BA2D0E}"
EndProject
Global
	GlobalSection(SolutionConfigurationPlatforms) = preSolution
		Debug|Any CPU = Debug|Any CPU
		Release|Any CPU = Release|Any CPU
	EndGlobalSection
	GlobalSection(ProjectConfigurationPlatforms) = postSolution
		{D5935A32-DD2D-4056-A7FB-C97290BA2D0E}.Debug|Any CPU.ActiveCfg = Debug|Any CPU
		{D5935A32-DD2D-4056-A7FB-C97290BA2D0E}.Debug|Any CPU.Build.0 = Debug|Any CPU
		{D5935A32-DD2D-4056-A7FB-C97290BA2D0E}.Release|Any CPU.ActiveCfg = Release|Any CPU
		{D5935A32-DD2D-4056-A7FB-C97290BA2D0E}.Release|Any CPU.Build.0 = Release|Any CPU
	EndGlobalSection
	GlobalSection(SolutionProperties) = preSolution
		HideSolutionNode = FALSE
	EndGlobalSection
	GlobalSection(ExtensibilityGlobals) = postSolution
		SolutionGuid = {42C7788D-714F-4530-AE4C-217ABA2C9F4C}
	EndGlobalSection
EndGlobal
