
Microsoft Visual Studio Solution File, Format Version 12.00
# Visual Studio Version 16
VisualStudioVersion = 16.0.31205.134
MinimumVisualStudioVersion = 10.0.40219.1
Project("{FAE04EC0-301F-11D3-BF4B-00C04F79EFBC}") = "App05", "App05\App05.csproj", "{1AE413D7-1BFF-4BF7-804F-89695FCF5332}"
EndProject
Global
	GlobalSection(SolutionConfigurationPlatforms) = preSolution
		Debug|Any CPU = Debug|Any CPU
		Release|Any CPU = Release|Any CPU
	EndGlobalSection
	GlobalSection(ProjectConfigurationPlatforms) = postSolution
		{1AE413D7-1BFF-4BF7-804F-89695FCF5332}.Debug|Any CPU.ActiveCfg = Debug|Any CPU
		{1AE413D7-1BFF-4BF7-804F-89695FCF5332}.Debug|Any CPU.Build.0 = Debug|Any CPU
		{1AE413D7-1BFF-4BF7-804F-89695FCF5332}.Release|Any CPU.ActiveCfg = Release|Any CPU
		{1AE413D7-1BFF-4BF7-804F-89695FCF5332}.Release|Any CPU.Build.0 = Release|Any CPU
	EndGlobalSection
	GlobalSection(SolutionProperties) = preSolution
		HideSolutionNode = FALSE
	EndGlobalSection
	GlobalSection(ExtensibilityGlobals) = postSolution
		SolutionGuid = {8E0077FD-FC81-4258-B73E-DA2A9FACA62E}
	EndGlobalSection
EndGlobal
