
Microsoft Visual Studio Solution File, Format Version 12.00
# Visual Studio Version 17
VisualStudioVersion = 17.4.33110.190
MinimumVisualStudioVersion = 10.0.40219.1
Project("{FAE04EC0-301F-11D3-BF4B-00C04F79EFBC}") = "App08", "App08\App08.csproj", "{8657B880-8002-462E-BAD5-08F49E4CE9F2}"
EndProject
Global
	GlobalSection(SolutionConfigurationPlatforms) = preSolution
		Debug|Any CPU = Debug|Any CPU
		Release|Any CPU = Release|Any CPU
	EndGlobalSection
	GlobalSection(ProjectConfigurationPlatforms) = postSolution
		{8657B880-8002-462E-BAD5-08F49E4CE9F2}.Debug|Any CPU.ActiveCfg = Debug|Any CPU
		{8657B880-8002-462E-BAD5-08F49E4CE9F2}.Debug|Any CPU.Build.0 = Debug|Any CPU
		{8657B880-8002-462E-BAD5-08F49E4CE9F2}.Release|Any CPU.ActiveCfg = Release|Any CPU
		{8657B880-8002-462E-BAD5-08F49E4CE9F2}.Release|Any CPU.Build.0 = Release|Any CPU
	EndGlobalSection
	GlobalSection(SolutionProperties) = preSolution
		HideSolutionNode = FALSE
	EndGlobalSection
	GlobalSection(ExtensibilityGlobals) = postSolution
		SolutionGuid = {1B6A0B06-2777-402A-BA22-04696BEA2187}
	EndGlobalSection
EndGlobal
