
Microsoft Visual Studio Solution File, Format Version 12.00
# Visual Studio Version 17
VisualStudioVersion = 17.5.33414.496
MinimumVisualStudioVersion = 10.0.40219.1
Project("{FAE04EC0-301F-11D3-BF4B-00C04F79EFBC}") = "App01", "App01\App01.csproj", "{5516C450-3DF2-4354-BEB5-283AAED682AA}"
EndProject
Global
	GlobalSection(SolutionConfigurationPlatforms) = preSolution
		Debug|Any CPU = Debug|Any CPU
		Release|Any CPU = Release|Any CPU
	EndGlobalSection
	GlobalSection(ProjectConfigurationPlatforms) = postSolution
		{5516C450-3DF2-4354-BEB5-283AAED682AA}.Debug|Any CPU.ActiveCfg = Debug|Any CPU
		{5516C450-3DF2-4354-BEB5-283AAED682AA}.Debug|Any CPU.Build.0 = Debug|Any CPU
		{5516C450-3DF2-4354-BEB5-283AAED682AA}.Release|Any CPU.ActiveCfg = Release|Any CPU
		{5516C450-3DF2-4354-BEB5-283AAED682AA}.Release|Any CPU.Build.0 = Release|Any CPU
	EndGlobalSection
	GlobalSection(SolutionProperties) = preSolution
		HideSolutionNode = FALSE
	EndGlobalSection
	GlobalSection(ExtensibilityGlobals) = postSolution
		SolutionGuid = {8ECCF83B-77A6-4D1C-8888-E01F13E1461A}
	EndGlobalSection
EndGlobal
