
Microsoft Visual Studio Solution File, Format Version 12.00
# Visual Studio Version 16
VisualStudioVersion = 16.0.30406.217
MinimumVisualStudioVersion = 10.0.40219.1
Project("{FAE04EC0-301F-11D3-BF4B-00C04F79EFBC}") = "App38", "App38\App38.csproj", "{4CE82087-6DDE-4373-8F8C-3D27D5A5134E}"
EndProject
Global
	GlobalSection(SolutionConfigurationPlatforms) = preSolution
		Debug|Any CPU = Debug|Any CPU
		Release|Any CPU = Release|Any CPU
	EndGlobalSection
	GlobalSection(ProjectConfigurationPlatforms) = postSolution
		{4CE82087-6DDE-4373-8F8C-3D27D5A5134E}.Debug|Any CPU.ActiveCfg = Debug|Any CPU
		{4CE82087-6DDE-4373-8F8C-3D27D5A5134E}.Debug|Any CPU.Build.0 = Debug|Any CPU
		{4CE82087-6DDE-4373-8F8C-3D27D5A5134E}.Release|Any CPU.ActiveCfg = Release|Any CPU
		{4CE82087-6DDE-4373-8F8C-3D27D5A5134E}.Release|Any CPU.Build.0 = Release|Any CPU
	EndGlobalSection
	GlobalSection(SolutionProperties) = preSolution
		HideSolutionNode = FALSE
	EndGlobalSection
	GlobalSection(ExtensibilityGlobals) = postSolution
		SolutionGuid = {7B12FB8B-E942-4C85-9BB0-7AF4B754524F}
	EndGlobalSection
EndGlobal
