
Microsoft Visual Studio Solution File, Format Version 12.00
# Visual Studio Version 16
VisualStudioVersion = 16.0.31205.134
MinimumVisualStudioVersion = 10.0.40219.1
Project("{FAE04EC0-301F-11D3-BF4B-00C04F79EFBC}") = "App14", "App14\App14.csproj", "{1C7183D8-95B9-424D-AB5D-2906CF637728}"
EndProject
Global
	GlobalSection(SolutionConfigurationPlatforms) = preSolution
		Debug|Any CPU = Debug|Any CPU
		Release|Any CPU = Release|Any CPU
	EndGlobalSection
	GlobalSection(ProjectConfigurationPlatforms) = postSolution
		{1C7183D8-95B9-424D-AB5D-2906CF637728}.Debug|Any CPU.ActiveCfg = Debug|Any CPU
		{1C7183D8-95B9-424D-AB5D-2906CF637728}.Debug|Any CPU.Build.0 = Debug|Any CPU
		{1C7183D8-95B9-424D-AB5D-2906CF637728}.Release|Any CPU.ActiveCfg = Release|Any CPU
		{1C7183D8-95B9-424D-AB5D-2906CF637728}.Release|Any CPU.Build.0 = Release|Any CPU
	EndGlobalSection
	GlobalSection(SolutionProperties) = preSolution
		HideSolutionNode = FALSE
	EndGlobalSection
	GlobalSection(ExtensibilityGlobals) = postSolution
		SolutionGuid = {2DE28C9B-6577-4265-8DB7-B661A0EC76B6}
	EndGlobalSection
EndGlobal
