
Microsoft Visual Studio Solution File, Format Version 12.00
# Visual Studio Version 17
VisualStudioVersion = 17.4.33110.190
MinimumVisualStudioVersion = 10.0.40219.1
Project("{FAE04EC0-301F-11D3-BF4B-00C04F79EFBC}") = "App05", "App05\App05.csproj", "{13C174A5-AD49-49F5-B7B6-D1FD5C93FDCF}"
EndProject
Global
	GlobalSection(SolutionConfigurationPlatforms) = preSolution
		Debug|Any CPU = Debug|Any CPU
		Release|Any CPU = Release|Any CPU
	EndGlobalSection
	GlobalSection(ProjectConfigurationPlatforms) = postSolution
		{13C174A5-AD49-49F5-B7B6-D1FD5C93FDCF}.Debug|Any CPU.ActiveCfg = Debug|Any CPU
		{13C174A5-AD49-49F5-B7B6-D1FD5C93FDCF}.Debug|Any CPU.Build.0 = Debug|Any CPU
		{13C174A5-AD49-49F5-B7B6-D1FD5C93FDCF}.Release|Any CPU.ActiveCfg = Release|Any CPU
		{13C174A5-AD49-49F5-B7B6-D1FD5C93FDCF}.Release|Any CPU.Build.0 = Release|Any CPU
	EndGlobalSection
	GlobalSection(SolutionProperties) = preSolution
		HideSolutionNode = FALSE
	EndGlobalSection
	GlobalSection(ExtensibilityGlobals) = postSolution
		SolutionGuid = {4CB2AAFD-76FE-492B-B66F-4A9A98360E1C}
	EndGlobalSection
EndGlobal
