
Microsoft Visual Studio Solution File, Format Version 12.00
# Visual Studio Version 16
VisualStudioVersion = 16.0.31205.134
MinimumVisualStudioVersion = 10.0.40219.1
Project("{FAE04EC0-301F-11D3-BF4B-00C04F79EFBC}") = "App03", "App03\App03.csproj", "{EB03295F-8A42-44AD-AA0C-0E8ECFB83D82}"
EndProject
Project("{FAE04EC0-301F-11D3-BF4B-00C04F79EFBC}") = "BankAccountTest", "BankAccountTest\BankAccountTest.csproj", "{4E1CC83A-E441-475B-8E95-66AAEBC4CA47}"
EndProject
Global
	GlobalSection(SolutionConfigurationPlatforms) = preSolution
		Debug|Any CPU = Debug|Any CPU
		Release|Any CPU = Release|Any CPU
	EndGlobalSection
	GlobalSection(ProjectConfigurationPlatforms) = postSolution
		{EB03295F-8A42-44AD-AA0C-0E8ECFB83D82}.Debug|Any CPU.ActiveCfg = Debug|Any CPU
		{EB03295F-8A42-44AD-AA0C-0E8ECFB83D82}.Debug|Any CPU.Build.0 = Debug|Any CPU
		{EB03295F-8A42-44AD-AA0C-0E8ECFB83D82}.Release|Any CPU.ActiveCfg = Release|Any CPU
		{EB03295F-8A42-44AD-AA0C-0E8ECFB83D82}.Release|Any CPU.Build.0 = Release|Any CPU
		{4E1CC83A-E441-475B-8E95-66AAEBC4CA47}.Debug|Any CPU.ActiveCfg = Debug|Any CPU
		{4E1CC83A-E441-475B-8E95-66AAEBC4CA47}.Debug|Any CPU.Build.0 = Debug|Any CPU
		{4E1CC83A-E441-475B-8E95-66AAEBC4CA47}.Release|Any CPU.ActiveCfg = Release|Any CPU
		{4E1CC83A-E441-475B-8E95-66AAEBC4CA47}.Release|Any CPU.Build.0 = Release|Any CPU
	EndGlobalSection
	GlobalSection(SolutionProperties) = preSolution
		HideSolutionNode = FALSE
	EndGlobalSection
	GlobalSection(ExtensibilityGlobals) = postSolution
		SolutionGuid = {49F002AD-1657-47B4-A5BF-65373204A046}
	EndGlobalSection
EndGlobal
