
Microsoft Visual Studio Solution File, Format Version 12.00
# Visual Studio Version 16
VisualStudioVersion = 16.0.30406.217
MinimumVisualStudioVersion = 10.0.40219.1
Project("{FAE04EC0-301F-11D3-BF4B-00C04F79EFBC}") = "App15", "App15\App15.csproj", "{75D31315-7E82-4A37-BF4F-6FD714D32F2A}"
EndProject
Global
	GlobalSection(SolutionConfigurationPlatforms) = preSolution
		Debug|Any CPU = Debug|Any CPU
		Release|Any CPU = Release|Any CPU
	EndGlobalSection
	GlobalSection(ProjectConfigurationPlatforms) = postSolution
		{75D31315-7E82-4A37-BF4F-6FD714D32F2A}.Debug|Any CPU.ActiveCfg = Debug|Any CPU
		{75D31315-7E82-4A37-BF4F-6FD714D32F2A}.Debug|Any CPU.Build.0 = Debug|Any CPU
		{75D31315-7E82-4A37-BF4F-6FD714D32F2A}.Release|Any CPU.ActiveCfg = Release|Any CPU
		{75D31315-7E82-4A37-BF4F-6FD714D32F2A}.Release|Any CPU.Build.0 = Release|Any CPU
	EndGlobalSection
	GlobalSection(SolutionProperties) = preSolution
		HideSolutionNode = FALSE
	EndGlobalSection
	GlobalSection(ExtensibilityGlobals) = postSolution
		SolutionGuid = {6FAC4EBF-E250-4784-A87B-E27F5244FDAC}
	EndGlobalSection
EndGlobal
