
Microsoft Visual Studio Solution File, Format Version 12.00
# Visual Studio Version 16
VisualStudioVersion = 16.0.30406.217
MinimumVisualStudioVersion = 10.0.40219.1
Project("{FAE04EC0-301F-11D3-BF4B-00C04F79EFBC}") = "App28", "App28\App28.csproj", "{5206AC1B-367B-42DF-80C6-E85D20534D0F}"
EndProject
Global
	GlobalSection(SolutionConfigurationPlatforms) = preSolution
		Debug|Any CPU = Debug|Any CPU
		Release|Any CPU = Release|Any CPU
	EndGlobalSection
	GlobalSection(ProjectConfigurationPlatforms) = postSolution
		{5206AC1B-367B-42DF-80C6-E85D20534D0F}.Debug|Any CPU.ActiveCfg = Debug|Any CPU
		{5206AC1B-367B-42DF-80C6-E85D20534D0F}.Debug|Any CPU.Build.0 = Debug|Any CPU
		{5206AC1B-367B-42DF-80C6-E85D20534D0F}.Release|Any CPU.ActiveCfg = Release|Any CPU
		{5206AC1B-367B-42DF-80C6-E85D20534D0F}.Release|Any CPU.Build.0 = Release|Any CPU
	EndGlobalSection
	GlobalSection(SolutionProperties) = preSolution
		HideSolutionNode = FALSE
	EndGlobalSection
	GlobalSection(ExtensibilityGlobals) = postSolution
		SolutionGuid = {4CF8A07F-70C2-4E8D-B269-28BCA828D75A}
	EndGlobalSection
EndGlobal
