
Microsoft Visual Studio Solution File, Format Version 12.00
# Visual Studio Version 16
VisualStudioVersion = 16.0.31205.134
MinimumVisualStudioVersion = 10.0.40219.1
Project("{FAE04EC0-301F-11D3-BF4B-00C04F79EFBC}") = "App08", "App08\App08.csproj", "{B47EBE31-DFC8-419C-B79B-2DE427B466A4}"
EndProject
Global
	GlobalSection(SolutionConfigurationPlatforms) = preSolution
		Debug|Any CPU = Debug|Any CPU
		Release|Any CPU = Release|Any CPU
	EndGlobalSection
	GlobalSection(ProjectConfigurationPlatforms) = postSolution
		{B47EBE31-DFC8-419C-B79B-2DE427B466A4}.Debug|Any CPU.ActiveCfg = Debug|Any CPU
		{B47EBE31-DFC8-419C-B79B-2DE427B466A4}.Debug|Any CPU.Build.0 = Debug|Any CPU
		{B47EBE31-DFC8-419C-B79B-2DE427B466A4}.Release|Any CPU.ActiveCfg = Release|Any CPU
		{B47EBE31-DFC8-419C-B79B-2DE427B466A4}.Release|Any CPU.Build.0 = Release|Any CPU
	EndGlobalSection
	GlobalSection(SolutionProperties) = preSolution
		HideSolutionNode = FALSE
	EndGlobalSection
	GlobalSection(ExtensibilityGlobals) = postSolution
		SolutionGuid = {4E186EEA-F39D-46C2-AA84-4FCFEDE0F55A}
	EndGlobalSection
EndGlobal
