
Microsoft Visual Studio Solution File, Format Version 12.00
# Visual Studio Version 16
VisualStudioVersion = 16.0.31205.134
MinimumVisualStudioVersion = 10.0.40219.1
Project("{FAE04EC0-301F-11D3-BF4B-00C04F79EFBC}") = "App03", "App03\App03.csproj", "{220E7507-E0AF-4232-915A-069C4F62C771}"
EndProject
Global
	GlobalSection(SolutionConfigurationPlatforms) = preSolution
		Debug|Any CPU = Debug|Any CPU
		Release|Any CPU = Release|Any CPU
	EndGlobalSection
	GlobalSection(ProjectConfigurationPlatforms) = postSolution
		{220E7507-E0AF-4232-915A-069C4F62C771}.Debug|Any CPU.ActiveCfg = Debug|Any CPU
		{220E7507-E0AF-4232-915A-069C4F62C771}.Debug|Any CPU.Build.0 = Debug|Any CPU
		{220E7507-E0AF-4232-915A-069C4F62C771}.Release|Any CPU.ActiveCfg = Release|Any CPU
		{220E7507-E0AF-4232-915A-069C4F62C771}.Release|Any CPU.Build.0 = Release|Any CPU
	EndGlobalSection
	GlobalSection(SolutionProperties) = preSolution
		HideSolutionNode = FALSE
	EndGlobalSection
	GlobalSection(ExtensibilityGlobals) = postSolution
		SolutionGuid = {ABC36777-1129-41B3-829E-5BE854D8688C}
	EndGlobalSection
EndGlobal
