
Microsoft Visual Studio Solution File, Format Version 12.00
# Visual Studio Version 16
VisualStudioVersion = 16.0.30406.217
MinimumVisualStudioVersion = 10.0.40219.1
Project("{FAE04EC0-301F-11D3-BF4B-00C04F79EFBC}") = "App25", "App25\App25.csproj", "{8E67FF4F-F88B-41BB-B487-C70EF1AEFF20}"
EndProject
Global
	GlobalSection(SolutionConfigurationPlatforms) = preSolution
		Debug|Any CPU = Debug|Any CPU
		Release|Any CPU = Release|Any CPU
	EndGlobalSection
	GlobalSection(ProjectConfigurationPlatforms) = postSolution
		{8E67FF4F-F88B-41BB-B487-C70EF1AEFF20}.Debug|Any CPU.ActiveCfg = Debug|Any CPU
		{8E67FF4F-F88B-41BB-B487-C70EF1AEFF20}.Debug|Any CPU.Build.0 = Debug|Any CPU
		{8E67FF4F-F88B-41BB-B487-C70EF1AEFF20}.Release|Any CPU.ActiveCfg = Release|Any CPU
		{8E67FF4F-F88B-41BB-B487-C70EF1AEFF20}.Release|Any CPU.Build.0 = Release|Any CPU
	EndGlobalSection
	GlobalSection(SolutionProperties) = preSolution
		HideSolutionNode = FALSE
	EndGlobalSection
	GlobalSection(ExtensibilityGlobals) = postSolution
		SolutionGuid = {4F178972-35AA-4312-AF5A-22C8D0A774AD}
	EndGlobalSection
EndGlobal
