
Microsoft Visual Studio Solution File, Format Version 12.00
# Visual Studio Version 16
VisualStudioVersion = 16.0.30406.217
MinimumVisualStudioVersion = 10.0.40219.1
Project("{FAE04EC0-301F-11D3-BF4B-00C04F79EFBC}") = "App09", "App09\App09.csproj", "{D943B556-23FB-45C1-9920-70D35C1E626F}"
EndProject
Global
	GlobalSection(SolutionConfigurationPlatforms) = preSolution
		Debug|Any CPU = Debug|Any CPU
		Release|Any CPU = Release|Any CPU
	EndGlobalSection
	GlobalSection(ProjectConfigurationPlatforms) = postSolution
		{D943B556-23FB-45C1-9920-70D35C1E626F}.Debug|Any CPU.ActiveCfg = Debug|Any CPU
		{D943B556-23FB-45C1-9920-70D35C1E626F}.Debug|Any CPU.Build.0 = Debug|Any CPU
		{D943B556-23FB-45C1-9920-70D35C1E626F}.Release|Any CPU.ActiveCfg = Release|Any CPU
		{D943B556-23FB-45C1-9920-70D35C1E626F}.Release|Any CPU.Build.0 = Release|Any CPU
	EndGlobalSection
	GlobalSection(SolutionProperties) = preSolution
		HideSolutionNode = FALSE
	EndGlobalSection
	GlobalSection(ExtensibilityGlobals) = postSolution
		SolutionGuid = {856A18B9-BBE3-4A51-9497-C011DB42DE44}
	EndGlobalSection
EndGlobal
