
Microsoft Visual Studio Solution File, Format Version 12.00
# Visual Studio Version 16
VisualStudioVersion = 16.0.31205.134
MinimumVisualStudioVersion = 10.0.40219.1
Project("{FAE04EC0-301F-11D3-BF4B-00C04F79EFBC}") = "App19", "App19\App19.csproj", "{20E66E8F-A6F4-45FC-9D1F-6BFC3633488B}"
EndProject
Global
	GlobalSection(SolutionConfigurationPlatforms) = preSolution
		Debug|Any CPU = Debug|Any CPU
		Release|Any CPU = Release|Any CPU
	EndGlobalSection
	GlobalSection(ProjectConfigurationPlatforms) = postSolution
		{20E66E8F-A6F4-45FC-9D1F-6BFC3633488B}.Debug|Any CPU.ActiveCfg = Debug|Any CPU
		{20E66E8F-A6F4-45FC-9D1F-6BFC3633488B}.Debug|Any CPU.Build.0 = Debug|Any CPU
		{20E66E8F-A6F4-45FC-9D1F-6BFC3633488B}.Release|Any CPU.ActiveCfg = Release|Any CPU
		{20E66E8F-A6F4-45FC-9D1F-6BFC3633488B}.Release|Any CPU.Build.0 = Release|Any CPU
	EndGlobalSection
	GlobalSection(SolutionProperties) = preSolution
		HideSolutionNode = FALSE
	EndGlobalSection
	GlobalSection(ExtensibilityGlobals) = postSolution
		SolutionGuid = {3F4BE29A-0B80-4A28-BEE7-F2EAD6D47092}
	EndGlobalSection
EndGlobal
