
Microsoft Visual Studio Solution File, Format Version 12.00
# Visual Studio Version 16
VisualStudioVersion = 16.0.30406.217
MinimumVisualStudioVersion = 10.0.40219.1
Project("{FAE04EC0-301F-11D3-BF4B-00C04F79EFBC}") = "App02", "App02\App02.csproj", "{8B2F86D4-D146-489A-9A98-3549D4B7B49E}"
EndProject
Global
	GlobalSection(SolutionConfigurationPlatforms) = preSolution
		Debug|Any CPU = Debug|Any CPU
		Release|Any CPU = Release|Any CPU
	EndGlobalSection
	GlobalSection(ProjectConfigurationPlatforms) = postSolution
		{8B2F86D4-D146-489A-9A98-3549D4B7B49E}.Debug|Any CPU.ActiveCfg = Debug|Any CPU
		{8B2F86D4-D146-489A-9A98-3549D4B7B49E}.Debug|Any CPU.Build.0 = Debug|Any CPU
		{8B2F86D4-D146-489A-9A98-3549D4B7B49E}.Release|Any CPU.ActiveCfg = Release|Any CPU
		{8B2F86D4-D146-489A-9A98-3549D4B7B49E}.Release|Any CPU.Build.0 = Release|Any CPU
	EndGlobalSection
	GlobalSection(SolutionProperties) = preSolution
		HideSolutionNode = FALSE
	EndGlobalSection
	GlobalSection(ExtensibilityGlobals) = postSolution
		SolutionGuid = {49D6BF4F-57B6-495B-BD86-4BEF203C64BC}
	EndGlobalSection
EndGlobal
