
Microsoft Visual Studio Solution File, Format Version 12.00
# Visual Studio Version 16
VisualStudioVersion = 16.0.31205.134
MinimumVisualStudioVersion = 10.0.40219.1
Project("{FAE04EC0-301F-11D3-BF4B-00C04F79EFBC}") = "App04", "App04\App04.csproj", "{86B84F38-D2CA-4688-9307-2E960C409DA7}"
EndProject
Global
	GlobalSection(SolutionConfigurationPlatforms) = preSolution
		Debug|Any CPU = Debug|Any CPU
		Release|Any CPU = Release|Any CPU
	EndGlobalSection
	GlobalSection(ProjectConfigurationPlatforms) = postSolution
		{86B84F38-D2CA-4688-9307-2E960C409DA7}.Debug|Any CPU.ActiveCfg = Debug|Any CPU
		{86B84F38-D2CA-4688-9307-2E960C409DA7}.Debug|Any CPU.Build.0 = Debug|Any CPU
		{86B84F38-D2CA-4688-9307-2E960C409DA7}.Release|Any CPU.ActiveCfg = Release|Any CPU
		{86B84F38-D2CA-4688-9307-2E960C409DA7}.Release|Any CPU.Build.0 = Release|Any CPU
	EndGlobalSection
	GlobalSection(SolutionProperties) = preSolution
		HideSolutionNode = FALSE
	EndGlobalSection
	GlobalSection(ExtensibilityGlobals) = postSolution
		SolutionGuid = {44B503A2-291F-4ECB-AF3E-8774526A7A78}
	EndGlobalSection
EndGlobal
