
Microsoft Visual Studio Solution File, Format Version 12.00
# Visual Studio Version 16
VisualStudioVersion = 16.0.31205.134
MinimumVisualStudioVersion = 10.0.40219.1
Project("{FAE04EC0-301F-11D3-BF4B-00C04F79EFBC}") = "App09", "App09\App09.csproj", "{F375E273-1A5F-4489-9A82-BD26529CD663}"
EndProject
Global
	GlobalSection(SolutionConfigurationPlatforms) = preSolution
		Debug|Any CPU = Debug|Any CPU
		Release|Any CPU = Release|Any CPU
	EndGlobalSection
	GlobalSection(ProjectConfigurationPlatforms) = postSolution
		{F375E273-1A5F-4489-9A82-BD26529CD663}.Debug|Any CPU.ActiveCfg = Debug|Any CPU
		{F375E273-1A5F-4489-9A82-BD26529CD663}.Debug|Any CPU.Build.0 = Debug|Any CPU
		{F375E273-1A5F-4489-9A82-BD26529CD663}.Release|Any CPU.ActiveCfg = Release|Any CPU
		{F375E273-1A5F-4489-9A82-BD26529CD663}.Release|Any CPU.Build.0 = Release|Any CPU
	EndGlobalSection
	GlobalSection(SolutionProperties) = preSolution
		HideSolutionNode = FALSE
	EndGlobalSection
	GlobalSection(ExtensibilityGlobals) = postSolution
		SolutionGuid = {B052875F-94BA-4838-9DF8-7EDD7CFD219E}
	EndGlobalSection
EndGlobal
