
Microsoft Visual Studio Solution File, Format Version 12.00
# Visual Studio Version 16
VisualStudioVersion = 16.0.31205.134
MinimumVisualStudioVersion = 10.0.40219.1
Project("{FAE04EC0-301F-11D3-BF4B-00C04F79EFBC}") = "App06", "App06\App06.csproj", "{66C1A181-9B9B-4B9B-818C-0C8C6FC476B8}"
EndProject
Global
	GlobalSection(SolutionConfigurationPlatforms) = preSolution
		Debug|Any CPU = Debug|Any CPU
		Release|Any CPU = Release|Any CPU
	EndGlobalSection
	GlobalSection(ProjectConfigurationPlatforms) = postSolution
		{66C1A181-9B9B-4B9B-818C-0C8C6FC476B8}.Debug|Any CPU.ActiveCfg = Debug|Any CPU
		{66C1A181-9B9B-4B9B-818C-0C8C6FC476B8}.Debug|Any CPU.Build.0 = Debug|Any CPU
		{66C1A181-9B9B-4B9B-818C-0C8C6FC476B8}.Release|Any CPU.ActiveCfg = Release|Any CPU
		{66C1A181-9B9B-4B9B-818C-0C8C6FC476B8}.Release|Any CPU.Build.0 = Release|Any CPU
	EndGlobalSection
	GlobalSection(SolutionProperties) = preSolution
		HideSolutionNode = FALSE
	EndGlobalSection
	GlobalSection(ExtensibilityGlobals) = postSolution
		SolutionGuid = {09787744-918E-402F-A348-63FB6AB7590A}
	EndGlobalSection
EndGlobal
