
Microsoft Visual Studio Solution File, Format Version 12.00
# Visual Studio Version 16
VisualStudioVersion = 16.0.31205.134
MinimumVisualStudioVersion = 10.0.40219.1
Project("{FAE04EC0-301F-11D3-BF4B-00C04F79EFBC}") = "App02", "App02\App02.csproj", "{4E23A62B-3036-4671-A886-18929EBC34B4}"
EndProject
Global
	GlobalSection(SolutionConfigurationPlatforms) = preSolution
		Debug|Any CPU = Debug|Any CPU
		Release|Any CPU = Release|Any CPU
	EndGlobalSection
	GlobalSection(ProjectConfigurationPlatforms) = postSolution
		{4E23A62B-3036-4671-A886-18929EBC34B4}.Debug|Any CPU.ActiveCfg = Debug|Any CPU
		{4E23A62B-3036-4671-A886-18929EBC34B4}.Debug|Any CPU.Build.0 = Debug|Any CPU
		{4E23A62B-3036-4671-A886-18929EBC34B4}.Release|Any CPU.ActiveCfg = Release|Any CPU
		{4E23A62B-3036-4671-A886-18929EBC34B4}.Release|Any CPU.Build.0 = Release|Any CPU
	EndGlobalSection
	GlobalSection(SolutionProperties) = preSolution
		HideSolutionNode = FALSE
	EndGlobalSection
	GlobalSection(ExtensibilityGlobals) = postSolution
		SolutionGuid = {FD14013A-F524-464C-8881-58F7A3B0002F}
	EndGlobalSection
EndGlobal
