
Microsoft Visual Studio Solution File, Format Version 12.00
# Visual Studio Version 16
VisualStudioVersion = 16.0.30406.217
MinimumVisualStudioVersion = 10.0.40219.1
Project("{FAE04EC0-301F-11D3-BF4B-00C04F79EFBC}") = "App07", "App07\App07.csproj", "{930D8DF5-22B9-45E9-9D5B-DB50190AA545}"
EndProject
Global
	GlobalSection(SolutionConfigurationPlatforms) = preSolution
		Debug|Any CPU = Debug|Any CPU
		Release|Any CPU = Release|Any CPU
	EndGlobalSection
	GlobalSection(ProjectConfigurationPlatforms) = postSolution
		{930D8DF5-22B9-45E9-9D5B-DB50190AA545}.Debug|Any CPU.ActiveCfg = Debug|Any CPU
		{930D8DF5-22B9-45E9-9D5B-DB50190AA545}.Debug|Any CPU.Build.0 = Debug|Any CPU
		{930D8DF5-22B9-45E9-9D5B-DB50190AA545}.Release|Any CPU.ActiveCfg = Release|Any CPU
		{930D8DF5-22B9-45E9-9D5B-DB50190AA545}.Release|Any CPU.Build.0 = Release|Any CPU
	EndGlobalSection
	GlobalSection(SolutionProperties) = preSolution
		HideSolutionNode = FALSE
	EndGlobalSection
	GlobalSection(ExtensibilityGlobals) = postSolution
		SolutionGuid = {ABB1E5AE-6742-48DA-972E-919C83B69883}
	EndGlobalSection
EndGlobal
